{
  "name": "@drumee/ui-core",
  "version": "1.0.0",
  "lockfileVersion": 3,
  "requires": true,
  "packages": {
    "": {
      "name": "@drumee/ui-core",
      "version": "1.0.0",
      "license": "AGPL-3.0-or-later",
      "dependencies": {
        "backbone": "^1.6.0",
        "backbone.marionette": "^4.1.3",
        "backbone.radio": "^2.0.0"
      }
    },
    "node_modules/backbone": {
      "version": "1.6.0",
      "resolved": "https://registry.npmjs.org/backbone/-/backbone-1.6.0.tgz",
      "integrity": "sha512-13PUjmsgw/49EowNcQvfG4gmczz1ximTMhUktj0Jfrjth0MVaTxehpU+qYYX4MxnuIuhmvBLC6/ayxuAGnOhbA==",
      "dependencies": {
        "underscore": ">=1.8.3"
      }
    },
    "node_modules/backbone.marionette": {
      "version": "4.1.3",
      "resolved": "https://registry.npmjs.org/backbone.marionette/-/backbone.marionette-4.1.3.tgz",
      "integrity": "sha512-8alY/p90UCMzOetMzVUl7+Y7riQktbKa44FKoehlToBUOzfTJqeDIJ62QxddE/H0zIvG9Iw2mMqRvqxvYRwOog==",
      "dependencies": {
        "backbone.radio": "^2.0.0"
      },
      "peerDependencies": {
        "backbone": "^1.3.3",
        "underscore": "^1.8.3"
      }
    },
    "node_modules/backbone.radio": {
      "version": "2.0.0",
      "resolved": "https://registry.npmjs.org/backbone.radio/-/backbone.radio-2.0.0.tgz",
      "integrity": "sha512-SHdSh2OaWqalbYi1sXvbTtnRFym5AV9loybNi2Q1iHkU2vveQDlWsmDn9l8onmfR6ZkemuYgHLgtfAYKfyfBZg==",
      "peerDependencies": {
        "backbone": "^1.3.3",
        "underscore": "^1.8.3"
      }
    },
    "node_modules/underscore": {
      "version": "1.13.7",
      "resolved": "https://registry.npmjs.org/underscore/-/underscore-1.13.7.tgz",
      "integrity": "sha512-GMXzWtsc57XAtguZgaQViUOzs0KTkk8ojr3/xAxXLITqf/3EMwxC0inyETfDFjH/Krbhuep0HNbbjI9i/q3F3g=="
    }
  }
}
